
Microsoft Visual Studio Solution File, Format Version 12.00
Project("{FAE04EC0-301F-11D3-BF4B-00C04F79EFBC}") = "Gateway", "Gateway.csproj", "{8E47DEBE-9C1B-4EB8-891B-ACD8963C1ACC}"
EndProject
Global
	GlobalSection(SolutionConfigurationPlatforms) = preSolution
		Debug|Any CPU = Debug|Any CPU
		Release|Any CPU = Release|Any CPU
	EndGlobalSection
	GlobalSection(ProjectConfigurationPlatforms) = postSolution
		{8E47DEBE-9C1B-4EB8-891B-ACD8963C1ACC}.Debug|Any CPU.ActiveCfg = Debug|Any CPU
		{8E47DEBE-9C1B-4EB8-891B-ACD8963C1ACC}.Debug|Any CPU.Build.0 = Debug|Any CPU
		{8E47DEBE-9C1B-4EB8-891B-ACD8963C1ACC}.Release|Any CPU.ActiveCfg = Release|Any CPU
		{8E47DEBE-9C1B-4EB8-891B-ACD8963C1ACC}.Release|Any CPU.Build.0 = Release|Any CPU
	EndGlobalSection
EndGlobal
